
Microsoft Visual Studio Solution File, Format Version 12.00
# Visual Studio 15
VisualStudioVersion = 15.0.28307.168
MinimumVisualStudioVersion = 10.0.40219.1
Project("{9A19103F-16F7-4668-BE54-9A1E7A4F7556}") = "Library.API", "Library.API\Library.API.csproj", "{9D8C02E8-A20C-4ECE-897E-BB3F87BB981C}"
EndProject
Project("{FAE04EC0-301F-11D3-BF4B-00C04F79EFBC}") = "Library.Business", "Library.Business\Library.Business.csproj", "{3367BB9C-2FB5-4D19-B62F-D4E931753A96}"
EndProject
Project("{FAE04EC0-301F-11D3-BF4B-00C04F79EFBC}") = "Library.Data", "Library.Data\Library.Data.csproj", "{3C459B10-08C4-42F2-9291-A099C2D71BA3}"
EndProject
Global
	GlobalSection(SolutionConfigurationPlatforms) = preSolution
		Debug|Any CPU = Debug|Any CPU
		Release|Any CPU = Release|Any CPU
	EndGlobalSection
	GlobalSection(ProjectConfigurationPlatforms) = postSolution
		{9D8C02E8-A20C-4ECE-897E-BB3F87BB981C}.Debug|Any CPU.ActiveCfg = Debug|Any CPU
		{9D8C02E8-A20C-4ECE-897E-BB3F87BB981C}.Debug|Any CPU.Build.0 = Debug|Any CPU
		{9D8C02E8-A20C-4ECE-897E-BB3F87BB981C}.Release|Any CPU.ActiveCfg = Release|Any CPU
		{9D8C02E8-A20C-4ECE-897E-BB3F87BB981C}.Release|Any CPU.Build.0 = Release|Any CPU
		{3367BB9C-2FB5-4D19-B62F-D4E931753A96}.Debug|Any CPU.ActiveCfg = Debug|Any CPU
		{3367BB9C-2FB5-4D19-B62F-D4E931753A96}.Debug|Any CPU.Build.0 = Debug|Any CPU
		{3367BB9C-2FB5-4D19-B62F-D4E931753A96}.Release|Any CPU.ActiveCfg = Release|Any CPU
		{3367BB9C-2FB5-4D19-B62F-D4E931753A96}.Release|Any CPU.Build.0 = Release|Any CPU
		{3C459B10-08C4-42F2-9291-A099C2D71BA3}.Debug|Any CPU.ActiveCfg = Debug|Any CPU
		{3C459B10-08C4-42F2-9291-A099C2D71BA3}.Debug|Any CPU.Build.0 = Debug|Any CPU
		{3C459B10-08C4-42F2-9291-A099C2D71BA3}.Release|Any CPU.ActiveCfg = Release|Any CPU
		{3C459B10-08C4-42F2-9291-A099C2D71BA3}.Release|Any CPU.Build.0 = Release|Any CPU
	EndGlobalSection
	GlobalSection(SolutionProperties) = preSolution
		HideSolutionNode = FALSE
	EndGlobalSection
	GlobalSection(ExtensibilityGlobals) = postSolution
		SolutionGuid = {18AAAC5F-6CC4-4F44-866B-DF3FC8DD8599}
	EndGlobalSection
EndGlobal
